
Microsoft Visual Studio Solution File, Format Version 12.00
# Visual Studio Version 16
VisualStudioVersion = 16.0.31613.86
MinimumVisualStudioVersion = 10.0.40219.1
Project("{FAE04EC0-301F-11D3-BF4B-00C04F79EFBC}") = "Kurochkin.SampleFacts.Web", "Kurochkin.SampleFacts.Web\Kurochkin.SampleFacts.Web.csproj", "{A42F35BC-A299-440D-8EFF-087E82A8911C}"
EndProject
Global
	GlobalSection(SolutionConfigurationPlatforms) = preSolution
		Debug|Any CPU = Debug|Any CPU
		Release|Any CPU = Release|Any CPU
	EndGlobalSection
	GlobalSection(ProjectConfigurationPlatforms) = postSolution
		{A42F35BC-A299-440D-8EFF-087E82A8911C}.Debug|Any CPU.ActiveCfg = Debug|Any CPU
		{A42F35BC-A299-440D-8EFF-087E82A8911C}.Debug|Any CPU.Build.0 = Debug|Any CPU
		{A42F35BC-A299-440D-8EFF-087E82A8911C}.Release|Any CPU.ActiveCfg = Release|Any CPU
		{A42F35BC-A299-440D-8EFF-087E82A8911C}.Release|Any CPU.Build.0 = Release|Any CPU
	EndGlobalSection
	GlobalSection(SolutionProperties) = preSolution
		HideSolutionNode = FALSE
	EndGlobalSection
	GlobalSection(ExtensibilityGlobals) = postSolution
		SolutionGuid = {29F19F64-26F5-4941-97B7-CE7F792166BD}
	EndGlobalSection
EndGlobal
